lockfileVersion: 5.4

importers:

  playground:
    specifiers:
      '@monaco-editor/react': ^4.4.5
      '@resvg/resvg-js': ^1.4.0
      '@resvg/resvg-wasm': 2.0.0-alpha.4
      copy-to-clipboard: ^3.3.2
      next: ^12.0.9
      react: ^17.0.2
      react-dom: ^17.0.2
      react-hot-toast: ^2.3.0
      react-live: ^2.4.1
      satori: workspace:*
      yoga-wasm-web: ^0.0.8
    dependencies:
      '@monaco-editor/react': 4.4.5_sfoxds7t5ydpegc3knd667wn6m
      '@resvg/resvg-js': 1.4.0
      '@resvg/resvg-wasm': 2.0.0-alpha.4
      copy-to-clipboard: 3.3.2
      next: 12.2.3_sfoxds7t5ydpegc3knd667wn6m
      react: 17.0.2
      react-dom: 17.0.2_react@17.0.2
      react-hot-toast: 2.3.0_sfoxds7t5ydpegc3knd667wn6m
      react-live: 2.4.1_sfoxds7t5ydpegc3knd667wn6m
      satori: link:..
      yoga-wasm-web: 0.0.8

packages:

  /@monaco-editor/loader/1.3.2:
    resolution: {integrity: sha512-BTDbpHl3e47r3AAtpfVFTlAi7WXv4UQ/xZmz8atKl4q7epQV5e7+JbigFDViWF71VBi4IIBdcWP57Hj+OWuc9g==}
    peerDependencies:
      monaco-editor: '>= 0.21.0 < 1'
    dependencies:
      state-local: 1.0.7
    dev: false

  /@monaco-editor/react/4.4.5_sfoxds7t5ydpegc3knd667wn6m:
    resolution: {integrity: sha512-IImtzU7sRc66OOaQVCG+5PFHkSWnnhrUWGBuH6zNmH2h0YgmAhcjHZQc/6MY9JWEbUtVF1WPBMJ9u1XuFbRrVA==}
    peerDependencies:
      monaco-editor: '>= 0.25.0 < 1'
      react: ^16.8.0 || ^17.0.0 || ^18.0.0
      react-dom: ^16.8.0 || ^17.0.0 || ^18.0.0
    dependencies:
      '@monaco-editor/loader': 1.3.2
      prop-types: 15.8.1
      react: 17.0.2
      react-dom: 17.0.2_react@17.0.2
    dev: false

  /@next/env/12.2.3:
    resolution: {integrity: sha512-2lWKP5Xcvnor70NaaROZXBvU8z9mFReePCG8NhZw6NyNGnPvC+8s+Cre/63LAB1LKzWw/e9bZJnQUg0gYFRb2Q==}
    dev: false

  /@next/swc-android-arm-eabi/12.2.3:
    resolution: {integrity: sha512-JxmCW9XB5PYnkGE67BdnBTdqW0SW6oMCiPMHLdjeRi4T3U4JJKJGnjQld99+6TPOfPWigtw3W7Cijp5gc+vJ/w==}
    engines: {node: '>= 10'}
    cpu: [arm]
    os: [android]
    requiresBuild: true
    dev: false
    optional: true

  /@next/swc-android-arm64/12.2.3:
    resolution: {integrity: sha512-3l4zXpWnzy0fqoedsFRxzMy/eGlMMqn6IwPEuBmtEQ4h7srmQFHyT+Bk+eVHb0o1RQ7/TloAa+mu8JX5tz/5tA==}
    engines: {node: '>= 10'}
    cpu: [arm64]
    os: [android]
    requiresBuild: true
    dev: false
    optional: true

  /@next/swc-darwin-arm64/12.2.3:
    resolution: {integrity: sha512-eutDO/RH6pf7+8zHo3i2GKLhF0qaMtxWpY8k3Oa1k+CyrcJ0IxwkfH/x3f75jTMeCrThn6Uu8j3WeZOxvhto1Q==}
    engines: {node: '>= 10'}
    cpu: [arm64]
    os: [darwin]
    requiresBuild: true
    dev: false
    optional: true

  /@next/swc-darwin-x64/12.2.3:
    resolution: {integrity: sha512-lve+lnTiddXbcT3Lh2ujOFywQSEycTYQhuf6j6JrPu9oLQGS01kjIqqSj3/KMmSoppEnXo3BxkgYu+g2+ecHkA==}
    engines: {node: '>= 10'}
    cpu: [x64]
    os: [darwin]
    requiresBuild: true
    dev: false
    optional: true

  /@next/swc-freebsd-x64/12.2.3:
    resolution: {integrity: sha512-V4bZU1qBFkULTPW53phY8ypioh3EERzHu9YKAasm9RxU4dj+8c/4s60y+kbFkFEEpIUgEU6yNuYZRR4lHHbUGA==}
    engines: {node: '>= 10'}
    cpu: [x64]
    os: [freebsd]
    requiresBuild: true
    dev: false
    optional: true

  /@next/swc-linux-arm-gnueabihf/12.2.3:
    resolution: {integrity: sha512-MWxS/i+XSEKdQE0ZmdYkPPrWKBi4JwMVaXdOW9J/T/sZJsHsLlSC9ErBcNolKAJEVka+tnw9oPRyRCKOj+q0sw==}
    engines: {node: '>= 10'}
    cpu: [arm]
    os: [linux]
    requiresBuild: true
    dev: false
    optional: true

  /@next/swc-linux-arm64-gnu/12.2.3:
    resolution: {integrity: sha512-ikXkqAmvEcWTzIQFDdmrUHLWzdDAF5s2pVsSpQn9rk/gK1i9webH1GRQd2bSM7JLuPBZSaYrNGvDTyHZdSEYlg==}
    engines: {node: '>= 10'}
    cpu: [arm64]
    os: [linux]
    requiresBuild: true
    dev: false
    optional: true

  /@next/swc-linux-arm64-musl/12.2.3:
    resolution: {integrity: sha512-wE45gGFkeLLLnCoveKaBrdpYkkypl3qwNF2YhnfvfVK7etuu1O679LwClhCWinDVBr+KOkmyHok00Z+0uI1ycg==}
    engines: {node: '>= 10'}
    cpu: [arm64]
    os: [linux]
    requiresBuild: true
    dev: false
    optional: true

  /@next/swc-linux-x64-gnu/12.2.3:
    resolution: {integrity: sha512-MbFI6413VSXiREzHwYD8YAJLTknBaC+bmjXgdHEEdloeOuBFQGE3NWn3izOCTy8kV+s98VDQO8au7EKKs+bW0g==}
    engines: {node: '>= 10'}
    cpu: [x64]
    os: [linux]
    requiresBuild: true
    dev: false
    optional: true

  /@next/swc-linux-x64-musl/12.2.3:
    resolution: {integrity: sha512-jMBD0Va6fInbPih/dNySlNY2RpjkK6MXS+UGVEvuTswl1MZr+iahvurmshwGKpjaRwVU4DSFMD8+gfWxsTFs1Q==}
    engines: {node: '>= 10'}
    cpu: [x64]
    os: [linux]
    requiresBuild: true
    dev: false
    optional: true

  /@next/swc-win32-arm64-msvc/12.2.3:
    resolution: {integrity: sha512-Cq8ToPdc0jQP2C7pjChYctAsEe7+lO/B826ZCK5xFzobuHPiCyJ2Mzx/nEQwCY4SpYkeJQtCbwlCz5iyGW5zGg==}
    engines: {node: '>= 10'}
    cpu: [arm64]
    os: [win32]
    requiresBuild: true
    dev: false
    optional: true

  /@next/swc-win32-ia32-msvc/12.2.3:
    resolution: {integrity: sha512-BtFq4c8IpeB0sDhJMHJFgm86rPkOvmYI8k3De8Y2kgNVWSeLQ0Q929PWf7e+GqcX1015ei/gEB41ZH8Iw49NzA==}
    engines: {node: '>= 10'}
    cpu: [ia32]
    os: [win32]
    requiresBuild: true
    dev: false
    optional: true

  /@next/swc-win32-x64-msvc/12.2.3:
    resolution: {integrity: sha512-huSNb98KSG77Kl96CoPgCwom28aamuUsPpRmn/4s9L0RNbbHVSkp9E6HA4yOAykZCEuWcdNsRLbVVuAbt8rtIw==}
    engines: {node: '>= 10'}
    cpu: [x64]
    os: [win32]
    requiresBuild: true
    dev: false
    optional: true

  /@resvg/resvg-js-android-arm-eabi/1.4.0:
    resolution: {integrity: sha512-8C7P2dYNeL5mghCgJ+2IqNwv5V50d5pZQYIvGYlbP7d3OB/T8uVEcmuflYgWq+/vEn1gZE+Q2A0tFJOHqIvH9A==}
    engines: {node: '>= 10'}
    cpu: [arm]
    os: [android]
    requiresBuild: true
    dev: false
    optional: true

  /@resvg/resvg-js-android-arm64/1.4.0:
    resolution: {integrity: sha512-BQp3zo+/8Ns9u2NCh7YeII2KflsiXfJDrwahXk21PuDp0l1KcMjdQ2o4dTWTskF5Dba/rcuDa94T5GD9Pgap7g==}
    engines: {node: '>= 10'}
    cpu: [arm64]
    os: [android]
    requiresBuild: true
    dev: false
    optional: true

  /@resvg/resvg-js-darwin-arm64/1.4.0:
    resolution: {integrity: sha512-IuvUOIpdxk5fEqr8EXgdCfugRWS88HlXwSeHPDVNCh/9kQ7exRoVi5CDOipkngUPYKxbKTekJWTxQHRUtf8oNQ==}
    engines: {node: '>= 10'}
    cpu: [arm64]
    os: [darwin]
    requiresBuild: true
    dev: false
    optional: true

  /@resvg/resvg-js-darwin-x64/1.4.0:
    resolution: {integrity: sha512-XFao3tkBBPHubVvXDX/ViYf2509tgqcfUc6bDtVYHCUOecK10ppbtdMRRnXjesi3towPQj2peiRUEavTIBbfGg==}
    engines: {node: '>= 10'}
    cpu: [x64]
    os: [darwin]
    requiresBuild: true
    dev: false
    optional: true

  /@resvg/resvg-js-linux-arm-gnueabihf/1.4.0:
    resolution: {integrity: sha512-RAjGdBJKGO5tSE1PsTl2WpG/TkgJGqsHIFtaQAUWNG4/LQ+0MNAptBOGrvNZvmRu+hVIk1t8m9rKme2RMdmlLQ==}
    engines: {node: '>= 10'}
    cpu: [arm]
    os: [linux]
    requiresBuild: true
    dev: false
    optional: true

  /@resvg/resvg-js-linux-arm64-gnu/1.4.0:
    resolution: {integrity: sha512-mT0UWGyzSaTu48sJGQno9zaZqk7j9ZjZppNu/TkLqObYu0xSeTnxnU73/Xy+byZh9RvLY/994bEaOP50jpDW/g==}
    engines: {node: '>= 10'}
    cpu: [arm64]
    os: [linux]
    requiresBuild: true
    dev: false
    optional: true

  /@resvg/resvg-js-linux-arm64-musl/1.4.0:
    resolution: {integrity: sha512-wfl0dk9pNExJeFxRoAO0P0ywVkqW80FqsCH6KCtTbB1f2P2NY0paAKPho1LJ2z1YSzq3ngganyAKPl2PoBqn4g==}
    engines: {node: '>= 10'}
    cpu: [arm64]
    os: [linux]
    requiresBuild: true
    dev: false
    optional: true

  /@resvg/resvg-js-linux-x64-gnu/1.4.0:
    resolution: {integrity: sha512-XDebImgHmQMIjxISZ4UsV9iHcO2IJnkKrT9/F5SWF3MgqRLro2pIY1JsgW70sEjkHlcyF7dbTa/M7TAgSz0uvg==}
    engines: {node: '>= 10'}
    cpu: [x64]
    os: [linux]
    requiresBuild: true
    dev: false
    optional: true

  /@resvg/resvg-js-linux-x64-musl/1.4.0:
    resolution: {integrity: sha512-cvq7pPQECLyP5SoI5ECZL0RhKcgz7sQTjYWQdZjFdF6riN40uWSo1Le31+oLLCwSoSOo8Z60xmU95ChbZjSY5Q==}
    engines: {node: '>= 10'}
    cpu: [x64]
    os: [linux]
    requiresBuild: true
    dev: false
    optional: true

  /@resvg/resvg-js-win32-arm64-msvc/1.4.0:
    resolution: {integrity: sha512-4waye03doDRsQmtibxiTQ7alAmvT2D7gt5n3gmIMsAP8fF+szRQ+cD/ClPZdBIMonhAUbe3nLMduocOe2Jp59Q==}
    engines: {node: '>= 10'}
    cpu: [arm64]
    os: [win32]
    requiresBuild: true
    dev: false
    optional: true

  /@resvg/resvg-js-win32-ia32-msvc/1.4.0:
    resolution: {integrity: sha512-9Ld/Hv8nXslvodPv9wL3wec8Tf9kFAO4t9632Y66aAcGZBNW/xAwzbgDOSv32N763tsLphleu1DhJ7nXKZIz9A==}
    engines: {node: '>= 10'}
    cpu: [ia32]
    os: [win32]
    requiresBuild: true
    dev: false
    optional: true

  /@resvg/resvg-js-win32-x64-msvc/1.4.0:
    resolution: {integrity: sha512-sMGQdOIop6a/s+cmFodnQNNykvr/MavgBXCzVt9jp1Rq4PXWtn8uwSsUupsn3SHPJCZ83kee6m4JCnak6Rec9A==}
    engines: {node: '>= 10'}
    cpu: [x64]
    os: [win32]
    requiresBuild: true
    dev: false
    optional: true

  /@resvg/resvg-js/1.4.0:
    resolution: {integrity: sha512-AcsRqAPFMIOxlMZCHxSxTG5vZTbW95xFDrQDTmsX/VEwc3tgLL9E4Be2nIJjWrdvIQxsTlaWYJsn2pxkki9Ltg==}
    engines: {node: '>= 10'}
    optionalDependencies:
      '@resvg/resvg-js-android-arm-eabi': 1.4.0
      '@resvg/resvg-js-android-arm64': 1.4.0
      '@resvg/resvg-js-darwin-arm64': 1.4.0
      '@resvg/resvg-js-darwin-x64': 1.4.0
      '@resvg/resvg-js-linux-arm-gnueabihf': 1.4.0
      '@resvg/resvg-js-linux-arm64-gnu': 1.4.0
      '@resvg/resvg-js-linux-arm64-musl': 1.4.0
      '@resvg/resvg-js-linux-x64-gnu': 1.4.0
      '@resvg/resvg-js-linux-x64-musl': 1.4.0
      '@resvg/resvg-js-win32-arm64-msvc': 1.4.0
      '@resvg/resvg-js-win32-ia32-msvc': 1.4.0
      '@resvg/resvg-js-win32-x64-msvc': 1.4.0
    dev: false

  /@resvg/resvg-wasm/2.0.0-alpha.4:
    resolution: {integrity: sha512-pWIG9a/x1ky8gXKRhPH1OPKpHFoMN1ISLbJ+O+gPXQHIAKhNd5I28RlWf7q576hAOQA9JZTlo3p/M2uyLzJmmw==}
    engines: {node: '>= 10'}
    dev: false

  /@swc/helpers/0.4.3:
    resolution: {integrity: sha512-6JrF+fdUK2zbGpJIlN7G3v966PQjyx/dPt1T9km2wj+EUBqgrxCk3uX4Kct16MIm9gGxfKRcfax2hVf5jvlTzA==}
    dependencies:
      tslib: 2.4.0
    dev: false

  /@types/buble/0.20.1:
    resolution: {integrity: sha512-itmN3lGSTvXg9IImY5j290H+n0B3PpZST6AgEfJJDXfaMx2cdJJZro3/Ay+bZZdIAa25Z5rnoo9rHiPCbANZoQ==}
    dependencies:
      magic-string: 0.25.9
    dev: false

  /ansi-styles/3.2.1:
    resolution: {integrity: sha512-VT0ZI6kZRdTh8YyJw3SMbYm/u+NqfsAxEpWO0Pf9sq8/e94WxxOpPKx9FR1FlyCtOVDNOQ+8ntlqFxiRc+r5qA==}
    engines: {node: '>=4'}
    dependencies:
      color-convert: 1.9.3
    dev: false

  /buble/0.19.6:
    resolution: {integrity: sha512-9kViM6nJA1Q548Jrd06x0geh+BG2ru2+RMDkIHHgJY/8AcyCs34lTHwra9BX7YdPrZXd5aarkpr/SY8bmPgPdg==}
    hasBin: true
    dependencies:
      chalk: 2.4.2
      magic-string: 0.25.9
      minimist: 1.2.6
      os-homedir: 1.0.2
      regexpu-core: 4.8.0
      vlq: 1.0.1
    dev: false

  /caniuse-lite/1.0.30001373:
    resolution: {integrity: sha512-pJYArGHrPp3TUqQzFYRmP/lwJlj8RCbVe3Gd3eJQkAV8SAC6b19XS9BjMvRdvaS8RMkaTN8ZhoHP6S1y8zzwEQ==}
    dev: false

  /chalk/2.4.2:
    resolution: {integrity: sha512-Mti+f9lpJNcwF4tWV8/OrTTtF1gZi+f8FqlyAdouralcFWFQWF2+NgCHShjkCb+IFBLq9buZwE1xckQU4peSuQ==}
    engines: {node: '>=4'}
    dependencies:
      ansi-styles: 3.2.1
      escape-string-regexp: 1.0.5
      supports-color: 5.5.0
    dev: false

  /color-convert/1.9.3:
    resolution: {integrity: sha512-QfAUtd+vFdAtFQcC8CCyYt1fYWxSqAiK2cSD6zDB8N3cpsEBAvRxp9zOGg6G/SHHJYAT88/az/IuDGALsNVbGg==}
    dependencies:
      color-name: 1.1.3
    dev: false

  /color-name/1.1.3:
    resolution: {integrity: sha512-72fSenhMw2HZMTVHeCA9KCmpEIbzWiQsjN+BHcBbS9vr1mtt+vJjPdksIBNUmKAW8TFUDPJK5SUU3QhE9NEXDw==}
    dev: false

  /component-props/1.1.1:
    resolution: {integrity: sha1-+bffm5kntubZfJvScqqGdnDzSUQ=}
    dev: false

  /component-xor/0.0.4:
    resolution: {integrity: sha1-xV2DzMG5TNUImk6T+niRxyY+Wao=}
    dev: false

  /copy-to-clipboard/3.3.2:
    resolution: {integrity: sha512-Vme1Z6RUDzrb6xAI7EZlVZ5uvOk2F//GaxKUxajDqm9LhOVM1inxNAD2vy+UZDYsd0uyA9s7b3/FVZPSxqrCfg==}
    dependencies:
      toggle-selection: 1.0.6
    dev: false

  /core-js/3.24.0:
    resolution: {integrity: sha512-IeOyT8A6iK37Ep4kZDD423mpi6JfPRoPUdQwEWYiGolvn4o6j2diaRzNfDfpTdu3a5qMbrGUzKUpYpRY8jXCkQ==}
    requiresBuild: true
    dev: false

  /dom-iterator/1.0.0:
    resolution: {integrity: sha512-7dsMOQI07EMU98gQM8NSB3GsAiIeBYIPKpnxR3c9xOvdvBjChAcOM0iJ222I3p5xyiZO9e5oggkNaCusuTdYig==}
    dependencies:
      component-props: 1.1.1
      component-xor: 0.0.4
    dev: false

  /escape-string-regexp/1.0.5:
    resolution: {integrity: sha512-vbRorB5FUQWvla16U8R/qgaFIya2qGzwDrNmCZuYKrbdSUMG6I1ZCGQRefkRVhuOkIGVne7BQ35DSfo1qvJqFg==}
    engines: {node: '>=0.8.0'}
    dev: false

  /extend-shallow/2.0.1:
    resolution: {integrity: sha512-zCnTtlxNoAiDc3gqY2aYAWFx7XWWiasuF2K8Me5WbN8otHKTUKBwjPtNpRs/rbUZm7KxWAaNj7P1a/p52GbVug==}
    engines: {node: '>=0.10.0'}
    dependencies:
      is-extendable: 0.1.1
    dev: false

  /goober/2.1.11:
    resolution: {integrity: sha512-5SS2lmxbhqH0u9ABEWq7WPU69a4i2pYcHeCxqaNq6Cw3mnrF0ghWNM4tEGid4dKy8XNIAUbuThuozDHHKJVh3A==}
    peerDependencies:
      csstype: ^3.0.10
    dev: false

  /has-flag/3.0.0:
    resolution: {integrity: sha512-sKJf1+ceQBr4SMkvQnBDNDtf4TXpVhVGateu0t918bl30FnbE2m4vNLX+VWe/dpjlb+HugGYzW7uQXH98HPEYw==}
    engines: {node: '>=4'}
    dev: false

  /is-extendable/0.1.1:
    resolution: {integrity: sha512-5BMULNob1vgFX6EjQw5izWDxrecWK9AM72rugNr0TFldMOi0fj6Jk+zeKIt0xGj4cEfQIJth4w3OKWOJ4f+AFw==}
    engines: {node: '>=0.10.0'}
    dev: false

  /js-tokens/4.0.0:
    resolution: {integrity: sha512-RdJUflcE3cUzKiMqQgsCu06FPu9UdIJO0beYbPhHN4k6apgJtifcoCtT9bcxOpYBtpD2kCM6Sbzg4CausW/PKQ==}
    dev: false

  /jsesc/0.5.0:
    resolution: {integrity: sha512-uZz5UnB7u4T9LvwmFqXii7pZSouaRPorGs5who1Ip7VO0wxanFvBL7GkM6dTHlgX+jhBApRetaWpnDabOeTcnA==}
    hasBin: true
    dev: false

  /loose-envify/1.4.0:
    resolution: {integrity: sha512-lyuxPGr/Wfhrlem2CL/UcnUc1zcqKAImBDzukY7Y5F/yQiNdko6+fRLevlw1HgMySw7f611UIY408EtxRSoK3Q==}
    hasBin: true
    dependencies:
      js-tokens: 4.0.0
    dev: false

  /magic-string/0.25.9:
    resolution: {integrity: sha512-RmF0AsMzgt25qzqqLc1+MbHmhdx0ojF2Fvs4XnOqz2ZOBXzzkEwc/dJQZCYHAn7v1jbVOjAZfK8msRn4BxO4VQ==}
    dependencies:
      sourcemap-codec: 1.4.8
    dev: false

  /minimist/1.2.6:
    resolution: {integrity: sha512-Jsjnk4bw3YJqYzbdyBiNsPWHPfO++UGG749Cxs6peCu5Xg4nrena6OVxOYxrQTqww0Jmwt+Ref8rggumkTLz9Q==}
    dev: false

  /nanoid/3.3.4:
    resolution: {integrity: sha512-MqBkQh/OHTS2egovRtLk45wEyNXwF+cokD+1YPf9u5VfJiRdAiRwB2froX5Co9Rh20xs4siNPm8naNotSD6RBw==}
    engines: {node: ^10 || ^12 || ^13.7 || ^14 || >=15.0.1}
    hasBin: true
    dev: false

  /next/12.2.3_sfoxds7t5ydpegc3knd667wn6m:
    resolution: {integrity: sha512-TA0tmSA6Dk6S6kfvCNbF7CWYW8468gZUxr/3/30z4KvAQbXnl2ASYZElVe7q/hBW/1F1ee0tSBlHa4/sn+ZIBw==}
    engines: {node: '>=12.22.0'}
    hasBin: true
    peerDependencies:
      fibers: '>= 3.1.0'
      node-sass: ^6.0.0 || ^7.0.0
      react: ^17.0.2 || ^18.0.0-0
      react-dom: ^17.0.2 || ^18.0.0-0
      sass: ^1.3.0
    peerDependenciesMeta:
      fibers:
        optional: true
      node-sass:
        optional: true
      sass:
        optional: true
    dependencies:
      '@next/env': 12.2.3
      '@swc/helpers': 0.4.3
      caniuse-lite: 1.0.30001373
      postcss: 8.4.14
      react: 17.0.2
      react-dom: 17.0.2_react@17.0.2
      styled-jsx: 5.0.2_react@17.0.2
      use-sync-external-store: 1.2.0_react@17.0.2
    optionalDependencies:
      '@next/swc-android-arm-eabi': 12.2.3
      '@next/swc-android-arm64': 12.2.3
      '@next/swc-darwin-arm64': 12.2.3
      '@next/swc-darwin-x64': 12.2.3
      '@next/swc-freebsd-x64': 12.2.3
      '@next/swc-linux-arm-gnueabihf': 12.2.3
      '@next/swc-linux-arm64-gnu': 12.2.3
      '@next/swc-linux-arm64-musl': 12.2.3
      '@next/swc-linux-x64-gnu': 12.2.3
      '@next/swc-linux-x64-musl': 12.2.3
      '@next/swc-win32-arm64-msvc': 12.2.3
      '@next/swc-win32-ia32-msvc': 12.2.3
      '@next/swc-win32-x64-msvc': 12.2.3
    transitivePeerDependencies:
      - '@babel/core'
      - babel-plugin-macros
    dev: false

  /object-assign/4.1.1:
    resolution: {integrity: sha512-rJgTQnkUnH1sFw8yT6VSU3zD3sWmu6sZhIseY8VX+GRu3P6F7Fu+JNDoXfklElbLJSnc3FUQHVe4cU5hj+BcUg==}
    engines: {node: '>=0.10.0'}
    dev: false

  /os-homedir/1.0.2:
    resolution: {integrity: sha512-B5JU3cabzk8c67mRRd3ECmROafjYMXbuzlwtqdM8IbS8ktlTix8aFGb2bAGKrSRIlnfKwovGUUr72JUPyOb6kQ==}
    engines: {node: '>=0.10.0'}
    dev: false

  /picocolors/1.0.0:
    resolution: {integrity: sha512-1fygroTLlHu66zi26VoTDv8yRgm0Fccecssto+MhsZ0D/DGW2sm8E8AjW7NU5VVTRt5GxbeZ5qBuJr+HyLYkjQ==}
    dev: false

  /postcss/8.4.14:
    resolution: {integrity: sha512-E398TUmfAYFPBSdzgeieK2Y1+1cpdxJx8yXbK/m57nRhKSmk1GB2tO4lbLBtlkfPQTDKfe4Xqv1ASWPpayPEig==}
    engines: {node: ^10 || ^12 || >=14}
    dependencies:
      nanoid: 3.3.4
      picocolors: 1.0.0
      source-map-js: 1.0.2
    dev: false

  /prism-react-renderer/1.3.5_react@17.0.2:
    resolution: {integrity: sha512-IJ+MSwBWKG+SM3b2SUfdrhC+gu01QkV2KmRQgREThBfSQRoufqRfxfHUxpG1WcaFjP+kojcFyO9Qqtpgt3qLCg==}
    peerDependencies:
      react: '>=0.14.9'
    dependencies:
      react: 17.0.2
    dev: false

  /prop-types/15.8.1:
    resolution: {integrity: sha512-oj87CgZICdulUohogVAR7AjlC0327U4el4L6eAvOqCeudMDVU0NThNaV+b9Df4dXgSP1gXMTnPdhfe/2qDH5cg==}
    dependencies:
      loose-envify: 1.4.0
      object-assign: 4.1.1
      react-is: 16.13.1
    dev: false

  /react-dom/17.0.2_react@17.0.2:
    resolution: {integrity: sha512-s4h96KtLDUQlsENhMn1ar8t2bEa+q/YAtj8pPPdIjPDGBDIVNsrD9aXNWqspUe6AzKCIG0C1HZZLqLV7qpOBGA==}
    peerDependencies:
      react: 17.0.2
    dependencies:
      loose-envify: 1.4.0
      object-assign: 4.1.1
      react: 17.0.2
      scheduler: 0.20.2
    dev: false

  /react-hot-toast/2.3.0_sfoxds7t5ydpegc3knd667wn6m:
    resolution: {integrity: sha512-/RxV+bfjld7tSJR1SCLzMAXgFuNW7fCpK6+vbYqfmbGSWcqTMz2rizrvfWKvtcPH5HK0NqxmBaC5SrAy1F42zA==}
    engines: {node: '>=10'}
    peerDependencies:
      react: '>=16'
      react-dom: '>=16'
    dependencies:
      goober: 2.1.11
      react: 17.0.2
      react-dom: 17.0.2_react@17.0.2
    transitivePeerDependencies:
      - csstype
    dev: false

  /react-is/16.13.1:
    resolution: {integrity: sha512-24e6ynE2H+OKt4kqsOvNd8kBpV65zoxbA4BVsEOB3ARVWQki/DHzaUoC5KuON/BiccDaCCTZBuOcfZs70kR8bQ==}
    dev: false

  /react-live/2.4.1_sfoxds7t5ydpegc3knd667wn6m:
    resolution: {integrity: sha512-r+32f7oV/kBs3QZBRvaT+9vOkQW47UZrDpgwUe5FiIMOl7sdo5pmISgb7Zpj5PGHgY6XQaiXs3FEh+IWw3KbRg==}
    engines: {node: '>= 0.12.0', npm: '>= 2.0.0'}
    peerDependencies:
      react: '*'
      react-dom: '*'
    dependencies:
      '@types/buble': 0.20.1
      buble: 0.19.6
      core-js: 3.24.0
      dom-iterator: 1.0.0
      prism-react-renderer: 1.3.5_react@17.0.2
      prop-types: 15.8.1
      react: 17.0.2
      react-dom: 17.0.2_react@17.0.2
      react-simple-code-editor: 0.11.2_sfoxds7t5ydpegc3knd667wn6m
      unescape: 1.0.1
    dev: false

  /react-simple-code-editor/0.11.2_sfoxds7t5ydpegc3knd667wn6m:
    resolution: {integrity: sha512-vLMEDj+qLrZ88zK/8bhRdqM2Mp0cQJCUbHPc/QIfxlIYHzAclaAzPX0TQ4ZI5LTYSP3hsYYOT3EciV2dCG4o0Q==}
    peerDependencies:
      react: '*'
      react-dom: '*'
    dependencies:
      react: 17.0.2
      react-dom: 17.0.2_react@17.0.2
    dev: false

  /react/17.0.2:
    resolution: {integrity: sha512-gnhPt75i/dq/z3/6q/0asP78D0u592D5L1pd7M8P+dck6Fu/jJeL6iVVK23fptSUZj8Vjf++7wXA8UNclGQcbA==}
    engines: {node: '>=0.10.0'}
    dependencies:
      loose-envify: 1.4.0
      object-assign: 4.1.1
    dev: false

  /regenerate-unicode-properties/9.0.0:
    resolution: {integrity: sha512-3E12UeNSPfjrgwjkR81m5J7Aw/T55Tu7nUyZVQYCKEOs+2dkxEY+DpPtZzO4YruuiPb7NkYLVcyJC4+zCbk5pA==}
    engines: {node: '>=4'}
    dependencies:
      regenerate: 1.4.2
    dev: false

  /regenerate/1.4.2:
    resolution: {integrity: sha512-zrceR/XhGYU/d/opr2EKO7aRHUeiBI8qjtfHqADTwZd6Szfy16la6kqD0MIUs5z5hx6AaKa+PixpPrR289+I0A==}
    dev: false

  /regexpu-core/4.8.0:
    resolution: {integrity: sha512-1F6bYsoYiz6is+oz70NWur2Vlh9KWtswuRuzJOfeYUrfPX2o8n74AnUVaOGDbUqVGO9fNHu48/pjJO4sNVwsOg==}
    engines: {node: '>=4'}
    dependencies:
      regenerate: 1.4.2
      regenerate-unicode-properties: 9.0.0
      regjsgen: 0.5.2
      regjsparser: 0.7.0
      unicode-match-property-ecmascript: 2.0.0
      unicode-match-property-value-ecmascript: 2.0.0
    dev: false

  /regjsgen/0.5.2:
    resolution: {integrity: sha512-OFFT3MfrH90xIW8OOSyUrk6QHD5E9JOTeGodiJeBS3J6IwlgzJMNE/1bZklWz5oTg+9dCMyEetclvCVXOPoN3A==}
    dev: false

  /regjsparser/0.7.0:
    resolution: {integrity: sha512-A4pcaORqmNMDVwUjWoTzuhwMGpP+NykpfqAsEgI1FSH/EzC7lrN5TMd+kN8YCovX+jMpu8eaqXgXPCa0g8FQNQ==}
    hasBin: true
    dependencies:
      jsesc: 0.5.0
    dev: false

  /scheduler/0.20.2:
    resolution: {integrity: sha512-2eWfGgAqqWFGqtdMmcL5zCMK1U8KlXv8SQFGglL3CEtd0aDVDWgeF/YoCmvln55m5zSk3J/20hTaSBeSObsQDQ==}
    dependencies:
      loose-envify: 1.4.0
      object-assign: 4.1.1
    dev: false

  /source-map-js/1.0.2:
    resolution: {integrity: sha512-R0XvVJ9WusLiqTCEiGCmICCMplcCkIwwR11mOSD9CR5u+IXYdiseeEuXCVAjS54zqwkLcPNnmU4OeJ6tUrWhDw==}
    engines: {node: '>=0.10.0'}
    dev: false

  /sourcemap-codec/1.4.8:
    resolution: {integrity: sha512-9NykojV5Uih4lgo5So5dtw+f0JgJX30KCNI8gwhz2J9A15wD0Ml6tjHKwf6fTSa6fAdVBdZeNOs9eJ71qCk8vA==}
    dev: false

  /state-local/1.0.7:
    resolution: {integrity: sha512-HTEHMNieakEnoe33shBYcZ7NX83ACUjCu8c40iOGEZsngj9zRnkqS9j1pqQPXwobB0ZcVTk27REb7COQ0UR59w==}
    dev: false

  /styled-jsx/5.0.2_react@17.0.2:
    resolution: {integrity: sha512-LqPQrbBh3egD57NBcHET4qcgshPks+yblyhPlH2GY8oaDgKs8SK4C3dBh3oSJjgzJ3G5t1SYEZGHkP+QEpX9EQ==}
    engines: {node: '>= 12.0.0'}
    peerDependencies:
      '@babel/core': '*'
      babel-plugin-macros: '*'
      react: '>= 16.8.0 || 17.x.x || ^18.0.0-0'
    peerDependenciesMeta:
      '@babel/core':
        optional: true
      babel-plugin-macros:
        optional: true
    dependencies:
      react: 17.0.2
    dev: false

  /supports-color/5.5.0:
    resolution: {integrity: sha512-QjVjwdXIt408MIiAqCX4oUKsgU2EqAGzs2Ppkm4aQYbjm+ZEWEcW4SfFNTr4uMNZma0ey4f5lgLrkB0aX0QMow==}
    engines: {node: '>=4'}
    dependencies:
      has-flag: 3.0.0
    dev: false

  /toggle-selection/1.0.6:
    resolution: {integrity: sha512-BiZS+C1OS8g/q2RRbJmy59xpyghNBqrr6k5L/uKBGRsTfxmu3ffiRnd8mlGPUVayg8pvfi5urfnu8TU7DVOkLQ==}
    dev: false

  /tslib/2.4.0:
    resolution: {integrity: sha512-d6xOpEDfsi2CZVlPQzGeux8XMwLT9hssAsaPYExaQMuYskwb+x1x7J371tWlbBdWHroy99KnVB6qIkUbs5X3UQ==}
    dev: false

  /unescape/1.0.1:
    resolution: {integrity: sha512-O0+af1Gs50lyH1nUu3ZyYS1cRh01Q/kUKatTOkSs7jukXE6/NebucDVxyiDsA9AQ4JC1V1jUH9EO8JX2nMDgGQ==}
    engines: {node: '>=0.10.0'}
    dependencies:
      extend-shallow: 2.0.1
    dev: false

  /unicode-canonical-property-names-ecmascript/2.0.0:
    resolution: {integrity: sha512-yY5PpDlfVIU5+y/BSCxAJRBIS1Zc2dDG3Ujq+sR0U+JjUevW2JhocOF+soROYDSaAezOzOKuyyixhD6mBknSmQ==}
    engines: {node: '>=4'}
    dev: false

  /unicode-match-property-ecmascript/2.0.0:
    resolution: {integrity: sha512-5kaZCrbp5mmbz5ulBkDkbY0SsPOjKqVS35VpL9ulMPfSl0J0Xsm+9Evphv9CoIZFwre7aJoa94AY6seMKGVN5Q==}
    engines: {node: '>=4'}
    dependencies:
      unicode-canonical-property-names-ecmascript: 2.0.0
      unicode-property-aliases-ecmascript: 2.0.0
    dev: false

  /unicode-match-property-value-ecmascript/2.0.0:
    resolution: {integrity: sha512-7Yhkc0Ye+t4PNYzOGKedDhXbYIBe1XEQYQxOPyhcXNMJ0WCABqqj6ckydd6pWRZTHV4GuCPKdBAUiMc60tsKVw==}
    engines: {node: '>=4'}
    dev: false

  /unicode-property-aliases-ecmascript/2.0.0:
    resolution: {integrity: sha512-5Zfuy9q/DFr4tfO7ZPeVXb1aPoeQSdeFMLpYuFebehDAhbuevLs5yxSZmIFN1tP5F9Wl4IpJrYojg85/zgyZHQ==}
    engines: {node: '>=4'}
    dev: false

  /use-sync-external-store/1.2.0_react@17.0.2:
    resolution: {integrity: sha512-eEgnFxGQ1Ife9bzYs6VLi8/4X6CObHMw9Qr9tPY43iKwsPw8xE8+EFsf/2cFZ5S3esXgpWgtSCtLNS41F+sKPA==}
    peerDependencies:
      react: ^16.8.0 || ^17.0.0 || ^18.0.0
    dependencies:
      react: 17.0.2
    dev: false

  /vlq/1.0.1:
    resolution: {integrity: sha512-gQpnTgkubC6hQgdIcRdYGDSDc+SaujOdyesZQMv6JlfQee/9Mp0Qhnys6WxDWvQnL5WZdT7o2Ul187aSt0Rq+w==}
    dev: false

  /yoga-wasm-web/0.0.8:
    resolution: {integrity: sha512-AFcRBnFk24jhNwjkT+wIc3+RgN3jv5czBjA4lsFd9rrnZ28cnEdevOpHH8Qa8BVPNKbgJPj5gHJdnqUHy+C0KQ==}
    dev: false
